{
  "name": "NegotiatorPro",
  "lockfileVersion": 3,
  "requires": true,
  "packages": {
    "": {
      "dependencies": {
        "@fontsource-variable/crimson-pro": "^5.2.8"
      }
    },
    "node_modules/@fontsource-variable/crimson-pro": {
      "version": "5.2.8",
      "resolved": "https://registry.npmjs.org/@fontsource-variable/crimson-pro/-/crimson-pro-5.2.8.tgz",
      "integrity": "sha512-En4uvz5Wb9gZFi/EVPA9jfC7Bh5NLYwOGc2KhUIT5mPSKrOSCaI1IyvQ3SbUXeHJ04MhWJiRLJSuU9CmyDcOIA==",
      "license": "OFL-1.1",
      "funding": {
        "url": "https://github.com/sponsors/ayuhito"
      }
    }
  }
}
